
Microsoft Visual Studio Solution File, Format Version 12.00
# Visual Studio Version 17
VisualStudioVersion = 17.3.32922.545
MinimumVisualStudioVersion = 10.0.40219.1
Project("{FAE04EC0-301F-11D3-BF4B-00C04F79EFBC}") = "ProyectoDos.APIRest", "ProyectoDos.APIRest\ProyectoDos.APIRest.csproj", "{10A221DC-5926-4FCD-8138-3FD899D670FD}"
EndProject
Global
	GlobalSection(SolutionConfigurationPlatforms) = preSolution
		Debug|Any CPU = Debug|Any CPU
		Release|Any CPU = Release|Any CPU
	EndGlobalSection
	GlobalSection(ProjectConfigurationPlatforms) = postSolution
		{10A221DC-5926-4FCD-8138-3FD899D670FD}.Debug|Any CPU.ActiveCfg = Debug|Any CPU
		{10A221DC-5926-4FCD-8138-3FD899D670FD}.Debug|Any CPU.Build.0 = Debug|Any CPU
		{10A221DC-5926-4FCD-8138-3FD899D670FD}.Release|Any CPU.ActiveCfg = Release|Any CPU
		{10A221DC-5926-4FCD-8138-3FD899D670FD}.Release|Any CPU.Build.0 = Release|Any CPU
	EndGlobalSection
	GlobalSection(SolutionProperties) = preSolution
		HideSolutionNode = FALSE
	EndGlobalSection
	GlobalSection(ExtensibilityGlobals) = postSolution
		SolutionGuid = {67951F1B-984A-4FE3-A6A4-36F38329463D}
	EndGlobalSection
EndGlobal
